
Microsoft Visual Studio Solution File, Format Version 12.00
# Visual Studio 14
VisualStudioVersion = 14.0.24720.0
MinimumVisualStudioVersion = 10.0.40219.1
Project("{FAE04EC0-301F-11D3-BF4B-00C04F79EFBC}") = "m7_t2_exemplo1", "m7_t2_exemplo1\m7_t2_exemplo1.csproj", "{C3CE758E-7122-48F0-A1D3-FB8A6A09FDEE}"
EndProject
Global
	GlobalSection(SolutionConfigurationPlatforms) = preSolution
		Debug|Any CPU = Debug|Any CPU
		Release|Any CPU = Release|Any CPU
	EndGlobalSection
	GlobalSection(ProjectConfigurationPlatforms) = postSolution
		{C3CE758E-7122-48F0-A1D3-FB8A6A09FDEE}.Debug|Any CPU.ActiveCfg = Debug|Any CPU
		{C3CE758E-7122-48F0-A1D3-FB8A6A09FDEE}.Debug|Any CPU.Build.0 = Debug|Any CPU
		{C3CE758E-7122-48F0-A1D3-FB8A6A09FDEE}.Release|Any CPU.ActiveCfg = Release|Any CPU
		{C3CE758E-7122-48F0-A1D3-FB8A6A09FDEE}.Release|Any CPU.Build.0 = Release|Any CPU
	EndGlobalSection
	GlobalSection(SolutionProperties) = preSolution
		HideSolutionNode = FALSE
	EndGlobalSection
EndGlobal
